
Microsoft Visual Studio Solution File, Format Version 12.00
# Visual Studio Version 16
VisualStudioVersion = 16.0.28803.156
MinimumVisualStudioVersion = 10.0.40219.1
Project("{FAE04EC0-301F-11D3-BF4B-00C04F79EFBC}") = "LearnAllRecipes", "LearnAllRecipes.csproj", "{1BFF1635-5458-4F0C-9C09-CE83A1F9AC50}"
EndProject
Global
	GlobalSection(SolutionConfigurationPlatforms) = preSolution
		Debug|Any CPU = Debug|Any CPU
		Release|Any CPU = Release|Any CPU
	EndGlobalSection
	GlobalSection(ProjectConfigurationPlatforms) = postSolution
		{1BFF1635-5458-4F0C-9C09-CE83A1F9AC50}.Debug|Any CPU.ActiveCfg = Debug|Any CPU
		{1BFF1635-5458-4F0C-9C09-CE83A1F9AC50}.Debug|Any CPU.Build.0 = Debug|Any CPU
		{1BFF1635-5458-4F0C-9C09-CE83A1F9AC50}.Release|Any CPU.ActiveCfg = Release|Any CPU
		{1BFF1635-5458-4F0C-9C09-CE83A1F9AC50}.Release|Any CPU.Build.0 = Release|Any CPU
	EndGlobalSection
	GlobalSection(SolutionProperties) = preSolution
		HideSolutionNode = FALSE
	EndGlobalSection
	GlobalSection(ExtensibilityGlobals) = postSolution
		SolutionGuid = {EAF8B811-8D03-482B-B960-1153AC1A3EE0}
	EndGlobalSection
EndGlobal
